
Microsoft Visual Studio Solution File, Format Version 12.00
# Visual Studio 15
VisualStudioVersion = 15.0.28307.421
MinimumVisualStudioVersion = 10.0.40219.1
Project("{FAE04EC0-301F-11D3-BF4B-00C04F79EFBC}") = "Heapsort", "Heapsort\Heapsort.csproj", "{153C4468-6DDB-4D5D-8679-332232ED7DCF}"
EndProject
Global
	GlobalSection(SolutionConfigurationPlatforms) = preSolution
		Debug|Any CPU = Debug|Any CPU
		Release|Any CPU = Release|Any CPU
	EndGlobalSection
	GlobalSection(ProjectConfigurationPlatforms) = postSolution
		{153C4468-6DDB-4D5D-8679-332232ED7DCF}.Debug|Any CPU.ActiveCfg = Debug|Any CPU
		{153C4468-6DDB-4D5D-8679-332232ED7DCF}.Debug|Any CPU.Build.0 = Debug|Any CPU
		{153C4468-6DDB-4D5D-8679-332232ED7DCF}.Release|Any CPU.ActiveCfg = Release|Any CPU
		{153C4468-6DDB-4D5D-8679-332232ED7DCF}.Release|Any CPU.Build.0 = Release|Any CPU
	EndGlobalSection
	GlobalSection(SolutionProperties) = preSolution
		HideSolutionNode = FALSE
	EndGlobalSection
	GlobalSection(ExtensibilityGlobals) = postSolution
		SolutionGuid = {F3DBCC3F-98A6-46BA-92D2-948C5E3F6D4E}
	EndGlobalSection
EndGlobal
